<Solution>
  <Folder Name="/src/">
    <Project Path="src/IcedAstroGrep.AppServices/IcedAstroGrep.AppServices.csproj" />
    <Project Path="src/IcedAstroGrep.Core/IcedAstroGrep.Core.csproj" />
    <Project Path="src/IcedAstroGrep.IFilter/IcedAstroGrep.IFilter.csproj" />
    <Project Path="src/IcedAstroGrep.WinForms/IcedAstroGrep.WinForms.csproj" />
  </Folder>
  <Folder Name="/tests/">
    <Project Path="tests/IcedAstroGrep.AppServices.Tests/IcedAstroGrep.AppServices.Tests.csproj" />
    <Project Path="tests/IcedAstroGrep.Core.Tests/IcedAstroGrep.Core.Tests.csproj" />
    <Project Path="tests/IcedAstroGrep.WinForms.Tests/IcedAstroGrep.WinForms.Tests.csproj" />
  </Folder>
</Solution>
