<Solution>
  <Folder Name="/src/">
    <Project Path="src/IcedAstroGrep.App/IcedAstroGrep.App.csproj" />
    <Project Path="src/IcedAstroGrep.Core/IcedAstroGrep.Core.csproj" />
    <Project Path="src/IcedAstroGrep.IFilter/IcedAstroGrep.IFilter.csproj" />
  </Folder>
  <Folder Name="/tests/">
    <Project Path="tests/IcedAstroGrep.Core.Tests/IcedAstroGrep.Core.Tests.csproj" />
  </Folder>
</Solution>
